
Microsoft Visual Studio Solution File, Format Version 12.00
# Visual Studio 15
VisualStudioVersion = 15.0.27130.2010
MinimumVisualStudioVersion = 10.0.40219.1
Project("{FAE04EC0-301F-11D3-BF4B-00C04F79EFBC}") = "MaerskCMS_v1", "MaerskCMS_v1\MaerskCMS_v1.csproj", "{C170A9EE-0DC3-4D66-9345-0193030CF9CF}"
EndProject
Global
	GlobalSection(SolutionConfigurationPlatforms) = preSolution
		Debug|Any CPU = Debug|Any CPU
		Release|Any CPU = Release|Any CPU
	EndGlobalSection
	GlobalSection(ProjectConfigurationPlatforms) = postSolution
		{C170A9EE-0DC3-4D66-9345-0193030CF9CF}.Debug|Any CPU.ActiveCfg = Debug|Any CPU
		{C170A9EE-0DC3-4D66-9345-0193030CF9CF}.Debug|Any CPU.Build.0 = Debug|Any CPU
		{C170A9EE-0DC3-4D66-9345-0193030CF9CF}.Release|Any CPU.ActiveCfg = Release|Any CPU
		{C170A9EE-0DC3-4D66-9345-0193030CF9CF}.Release|Any CPU.Build.0 = Release|Any CPU
	EndGlobalSection
	GlobalSection(SolutionProperties) = preSolution
		HideSolutionNode = FALSE
	EndGlobalSection
	GlobalSection(ExtensibilityGlobals) = postSolution
		SolutionGuid = {BC82D27D-0874-409C-8889-51D5516B2D91}
	EndGlobalSection
EndGlobal
